
Microsoft Visual Studio Solution File, Format Version 12.00
# Visual Studio 15
VisualStudioVersion = 15.0.27703.2042
MinimumVisualStudioVersion = 10.0.40219.1
Project("{FAE04EC0-301F-11D3-BF4B-00C04F79EFBC}") = "NLayerApp.WEB", "NLayerApp.WEB\NLayerApp.WEB.csproj", "{06C3026C-8FC6-4084-9C8F-33FC988C5C3C}"
EndProject
Project("{FAE04EC0-301F-11D3-BF4B-00C04F79EFBC}") = "NLayerApp.DAL", "NLayerApp.DAL\NLayerApp.DAL.csproj", "{D4F6FE5F-4BEC-4B0C-9583-84D6C63528D7}"
EndProject
Global
	GlobalSection(SolutionConfigurationPlatforms) = preSolution
		Debug|Any CPU = Debug|Any CPU
		Release|Any CPU = Release|Any CPU
	EndGlobalSection
	GlobalSection(ProjectConfigurationPlatforms) = postSolution
		{06C3026C-8FC6-4084-9C8F-33FC988C5C3C}.Debug|Any CPU.ActiveCfg = Debug|Any CPU
		{06C3026C-8FC6-4084-9C8F-33FC988C5C3C}.Debug|Any CPU.Build.0 = Debug|Any CPU
		{06C3026C-8FC6-4084-9C8F-33FC988C5C3C}.Release|Any CPU.ActiveCfg = Release|Any CPU
		{06C3026C-8FC6-4084-9C8F-33FC988C5C3C}.Release|Any CPU.Build.0 = Release|Any CPU
		{D4F6FE5F-4BEC-4B0C-9583-84D6C63528D7}.Debug|Any CPU.ActiveCfg = Debug|Any CPU
		{D4F6FE5F-4BEC-4B0C-9583-84D6C63528D7}.Debug|Any CPU.Build.0 = Debug|Any CPU
		{D4F6FE5F-4BEC-4B0C-9583-84D6C63528D7}.Release|Any CPU.ActiveCfg = Release|Any CPU
		{D4F6FE5F-4BEC-4B0C-9583-84D6C63528D7}.Release|Any CPU.Build.0 = Release|Any CPU
	EndGlobalSection
	GlobalSection(SolutionProperties) = preSolution
		HideSolutionNode = FALSE
	EndGlobalSection
	GlobalSection(ExtensibilityGlobals) = postSolution
		SolutionGuid = {7B18AA9F-CD98-4F24-B152-5D610B78838C}
	EndGlobalSection
EndGlobal
